// !$*UTF8*$!
{
	archiveVersion = 1;
	classes = {
	};
	objectVersion = 46;
	objects = {

/* Begin PBXBuildFile section */
		55EC366B1E6BBDAC00726F13 /* AppDelegate.swift in Sources */ = {isa = PBXBuildFile; fileRef = 55EC36631E6BBDAC00726F13 /* AppDelegate.swift */; };
		55EC366C1E6BBDAC00726F13 /* Assets.xcassets in Resources */ = {isa = PBXBuildFile; fileRef = 55EC36641E6BBDAC00726F13 /* Assets.xcassets */; };
		55EC366D1E6BBDAC00726F13 /* LaunchScreen.storyboard in Resources */ = {isa = PBXBuildFile; fileRef = 55EC36651E6BBDAC00726F13 /* LaunchScreen.storyboard */; };
		55EC366E1E6BBDAC00726F13 /* Main.storyboard in Resources */ = {isa = PBXBuildFile; fileRef = 55EC36671E6BBDAC00726F13 /* Main.storyboard */; };
		55EC36701E6BBDAC00726F13 /* ViewController.swift in Sources */ = {isa = PBXBuildFile; fileRef = 55EC366A1E6BBDAC00726F13 /* ViewController.swift */; };
		8E2749AA256A9FE300A2D4EA /* GuitarPaddingTests.swift in Sources */ = {isa = PBXBuildFile; fileRef = 8E2749A4256A9FE300A2D4EA /* GuitarPaddingTests.swift */; };
		8E2749AB256A9FE300A2D4EA /* GuitarTests.swift in Sources */ = {isa = PBXBuildFile; fileRef = 8E2749A5256A9FE300A2D4EA /* GuitarTests.swift */; };
		8E2749AC256A9FE300A2D4EA /* GuitarCaseTests.swift in Sources */ = {isa = PBXBuildFile; fileRef = 8E2749A6256A9FE300A2D4EA /* GuitarCaseTests.swift */; };
		8E2749AD256A9FE300A2D4EA /* GuitarCharacterTests.swift in Sources */ = {isa = PBXBuildFile; fileRef = 8E2749A7256A9FE300A2D4EA /* GuitarCharacterTests.swift */; };
		8E2749AE256A9FE300A2D4EA /* GuitarBooleanTests.swift in Sources */ = {isa = PBXBuildFile; fileRef = 8E2749A8256A9FE300A2D4EA /* GuitarBooleanTests.swift */; };
		D7FDCC202EF6912CE83B9295 /* Pods_Example_Tests.framework in Frameworks */ = {isa = PBXBuildFile; fileRef = D103553D77D0ACFFEBDD1AAA /* Pods_Example_Tests.framework */; };
		EC400FDD71ACEEBDFD69561F /* Pods_Example.framework in Frameworks */ = {isa = PBXBuildFile; fileRef = 4A4A775F740E32245D77A844 /* Pods_Example.framework */; };
/* End PBXBuildFile section */

/* Begin PBXContainerItemProxy section */
		8E27499D256A9E2D00A2D4EA /* PBXContainerItemProxy */ = {
			isa = PBXContainerItemProxy;
			containerPortal = 8EDB77B91E0A516B00B13A61 /* Project object */;
			proxyType = 1;
			remoteGlobalIDString = 8EDB77C01E0A516B00B13A61;
			remoteInfo = Example;
		};
/* End PBXContainerItemProxy section */

/* Begin PBXCopyFilesBuildPhase section */
		55EC367E1E6BBDD500726F13 /* Embed Frameworks */ = {
			isa = PBXCopyFilesBuildPhase;
			buildActionMask = 2147483647;
			dstPath = "";
			dstSubfolderSpec = 10;
			files = (
			);
			name = "Embed Frameworks";
			runOnlyForDeploymentPostprocessing = 0;
		};
		8EA424861E6863E2002E82A8 /* Embed Watch Content */ = {
			isa = PBXCopyFilesBuildPhase;
			buildActionMask = 2147483647;
			dstPath = "$(CONTENTS_FOLDER_PATH)/Watch";
			dstSubfolderSpec = 16;
			files = (
			);
			name = "Embed Watch Content";
			runOnlyForDeploymentPostprocessing = 0;
		};
/* End PBXCopyFilesBuildPhase section */

/* Begin PBXFileReference section */
		26942BB0B8027B463BE59B18 /* Pods-Example.release.xcconfig */ = {isa = PBXFileReference; includeInIndex = 1; lastKnownFileType = text.xcconfig; name = "Pods-Example.release.xcconfig"; path = "Target Support Files/Pods-Example/Pods-Example.release.xcconfig"; sourceTree = "<group>"; };
		4A4A775F740E32245D77A844 /* Pods_Example.framework */ = {isa = PBXFileReference; explicitFileType = wrapper.framework; includeInIndex = 0; path = Pods_Example.framework; sourceTree = BUILT_PRODUCTS_DIR; };
		4DB07626A38FD5735F966519 /* Pods-Example-Tests.debug.xcconfig */ = {isa = PBXFileReference; includeInIndex = 1; lastKnownFileType = text.xcconfig; name = "Pods-Example-Tests.debug.xcconfig"; path = "Target Support Files/Pods-Example-Tests/Pods-Example-Tests.debug.xcconfig"; sourceTree = "<group>"; };
		55EC36631E6BBDAC00726F13 /* AppDelegate.swift */ = {isa = PBXFileReference; fileEncoding = 4; lastKnownFileType = sourcecode.swift; path = AppDelegate.swift; sourceTree = "<group>"; };
		55EC36641E6BBDAC00726F13 /* Assets.xcassets */ = {isa = PBXFileReference; lastKnownFileType = folder.assetcatalog; path = Assets.xcassets; sourceTree = "<group>"; };
		55EC36661E6BBDAC00726F13 /* Base */ = {isa = PBXFileReference; lastKnownFileType = file.storyboard; name = Base; path = Base.lproj/LaunchScreen.storyboard; sourceTree = "<group>"; };
		55EC36681E6BBDAC00726F13 /* Base */ = {isa = PBXFileReference; lastKnownFileType = file.storyboard; name = Base; path = Base.lproj/Main.storyboard; sourceTree = "<group>"; };
		55EC36691E6BBDAC00726F13 /* Info.plist */ = {isa = PBXFileReference; fileEncoding = 4; lastKnownFileType = text.plist.xml; path = Info.plist; sourceTree = "<group>"; };
		55EC366A1E6BBDAC00726F13 /* ViewController.swift */ = {isa = PBXFileReference; fileEncoding = 4; lastKnownFileType = sourcecode.swift; path = ViewController.swift; sourceTree = "<group>"; };
		5C8A04F3724312806E5F8B92 /* Pods-Example-Tests.release.xcconfig */ = {isa = PBXFileReference; includeInIndex = 1; lastKnownFileType = text.xcconfig; name = "Pods-Example-Tests.release.xcconfig"; path = "Target Support Files/Pods-Example-Tests/Pods-Example-Tests.release.xcconfig"; sourceTree = "<group>"; };
		6E259527419CF4C4790745F1 /* Pods-Example.debug.xcconfig */ = {isa = PBXFileReference; includeInIndex = 1; lastKnownFileType = text.xcconfig; name = "Pods-Example.debug.xcconfig"; path = "Target Support Files/Pods-Example/Pods-Example.debug.xcconfig"; sourceTree = "<group>"; };
		8E274998256A9E2D00A2D4EA /* Tests.xctest */ = {isa = PBXFileReference; explicitFileType = wrapper.cfbundle; includeInIndex = 0; path = Tests.xctest; sourceTree = BUILT_PRODUCTS_DIR; };
		8E27499C256A9E2D00A2D4EA /* Info.plist */ = {isa = PBXFileReference; lastKnownFileType = text.plist.xml; path = Info.plist; sourceTree = "<group>"; };
		8E2749A4256A9FE300A2D4EA /* GuitarPaddingTests.swift */ = {isa = PBXFileReference; fileEncoding = 4; lastKnownFileType = sourcecode.swift; path = GuitarPaddingTests.swift; sourceTree = "<group>"; };
		8E2749A5256A9FE300A2D4EA /* GuitarTests.swift */ = {isa = PBXFileReference; fileEncoding = 4; lastKnownFileType = sourcecode.swift; path = GuitarTests.swift; sourceTree = "<group>"; };
		8E2749A6256A9FE300A2D4EA /* GuitarCaseTests.swift */ = {isa = PBXFileReference; fileEncoding = 4; lastKnownFileType = sourcecode.swift; path = GuitarCaseTests.swift; sourceTree = "<group>"; };
		8E2749A7256A9FE300A2D4EA /* GuitarCharacterTests.swift */ = {isa = PBXFileReference; fileEncoding = 4; lastKnownFileType = sourcecode.swift; path = GuitarCharacterTests.swift; sourceTree = "<group>"; };
		8E2749A8256A9FE300A2D4EA /* GuitarBooleanTests.swift */ = {isa = PBXFileReference; fileEncoding = 4; lastKnownFileType = sourcecode.swift; path = GuitarBooleanTests.swift; sourceTree = "<group>"; };
		8EDB77C11E0A516B00B13A61 /* Example.app */ = {isa = PBXFileReference; explicitFileType = wrapper.application; includeInIndex = 0; path = Example.app; sourceTree = BUILT_PRODUCTS_DIR; };
		D103553D77D0ACFFEBDD1AAA /* Pods_Example_Tests.framework */ = {isa = PBXFileReference; explicitFileType = wrapper.framework; includeInIndex = 0; path = Pods_Example_Tests.framework; sourceTree = BUILT_PRODUCTS_DIR; };
/* End PBXFileReference section */

/* Begin PBXFrameworksBuildPhase section */
		8E274995256A9E2D00A2D4EA /* Frameworks */ = {
			isa = PBXFrameworksBuildPhase;
			buildActionMask = 2147483647;
			files = (
				D7FDCC202EF6912CE83B9295 /* Pods_Example_Tests.framework in Frameworks */,
			);
			runOnlyForDeploymentPostprocessing = 0;
		};
		8EDB77BE1E0A516B00B13A61 /* Frameworks */ = {
			isa = PBXFrameworksBuildPhase;
			buildActionMask = 2147483647;
			files = (
				EC400FDD71ACEEBDFD69561F /* Pods_Example.framework in Frameworks */,
			);
			runOnlyForDeploymentPostprocessing = 0;
		};
/* End PBXFrameworksBuildPhase section */

/* Begin PBXGroup section */
		13A62184741E742F3AA24FC1 /* Pods */ = {
			isa = PBXGroup;
			children = (
				6E259527419CF4C4790745F1 /* Pods-Example.debug.xcconfig */,
				26942BB0B8027B463BE59B18 /* Pods-Example.release.xcconfig */,
				4DB07626A38FD5735F966519 /* Pods-Example-Tests.debug.xcconfig */,
				5C8A04F3724312806E5F8B92 /* Pods-Example-Tests.release.xcconfig */,
			);
			path = Pods;
			sourceTree = "<group>";
		};
		55EC36621E6BBDAC00726F13 /* Example */ = {
			isa = PBXGroup;
			children = (
				55EC36631E6BBDAC00726F13 /* AppDelegate.swift */,
				55EC36641E6BBDAC00726F13 /* Assets.xcassets */,
				55EC36691E6BBDAC00726F13 /* Info.plist */,
				55EC36651E6BBDAC00726F13 /* LaunchScreen.storyboard */,
				55EC36671E6BBDAC00726F13 /* Main.storyboard */,
				55EC366A1E6BBDAC00726F13 /* ViewController.swift */,
			);
			path = Example;
			sourceTree = "<group>";
		};
		71B4CE3A8AE9858DC0D7E6DA /* Frameworks */ = {
			isa = PBXGroup;
			children = (
				4A4A775F740E32245D77A844 /* Pods_Example.framework */,
				D103553D77D0ACFFEBDD1AAA /* Pods_Example_Tests.framework */,
			);
			name = Frameworks;
			sourceTree = "<group>";
		};
		8E274999256A9E2D00A2D4EA /* Tests */ = {
			isa = PBXGroup;
			children = (
				8E2749A8256A9FE300A2D4EA /* GuitarBooleanTests.swift */,
				8E2749A6256A9FE300A2D4EA /* GuitarCaseTests.swift */,
				8E2749A7256A9FE300A2D4EA /* GuitarCharacterTests.swift */,
				8E2749A4256A9FE300A2D4EA /* GuitarPaddingTests.swift */,
				8E2749A5256A9FE300A2D4EA /* GuitarTests.swift */,
				8E27499C256A9E2D00A2D4EA /* Info.plist */,
			);
			path = Tests;
			sourceTree = "<group>";
		};
		8EDB77B81E0A516B00B13A61 = {
			isa = PBXGroup;
			children = (
				55EC36621E6BBDAC00726F13 /* Example */,
				8E274999256A9E2D00A2D4EA /* Tests */,
				8EDB77C21E0A516B00B13A61 /* Products */,
				13A62184741E742F3AA24FC1 /* Pods */,
				71B4CE3A8AE9858DC0D7E6DA /* Frameworks */,
			);
			sourceTree = "<group>";
		};
		8EDB77C21E0A516B00B13A61 /* Products */ = {
			isa = PBXGroup;
			children = (
				8EDB77C11E0A516B00B13A61 /* Example.app */,
				8E274998256A9E2D00A2D4EA /* Tests.xctest */,
			);
			name = Products;
			sourceTree = "<group>";
		};
/* End PBXGroup section */

/* Begin PBXNativeTarget section */
		8E274997256A9E2D00A2D4EA /* Tests */ = {
			isa = PBXNativeTarget;
			buildConfigurationList = 8E27499F256A9E2D00A2D4EA /* Build configuration list for PBXNativeTarget "Tests" */;
			buildPhases = (
				EE77D1DB357412872E12BD04 /* [CP] Check Pods Manifest.lock */,
				8E274994256A9E2D00A2D4EA /* Sources */,
				8E274995256A9E2D00A2D4EA /* Frameworks */,
				8E274996256A9E2D00A2D4EA /* Resources */,
				7CC42BBCEF90ADEA4D89668A /* [CP] Embed Pods Frameworks */,
			);
			buildRules = (
			);
			dependencies = (
				8E27499E256A9E2D00A2D4EA /* PBXTargetDependency */,
			);
			name = Tests;
			productName = Tests;
			productReference = 8E274998256A9E2D00A2D4EA /* Tests.xctest */;
			productType = "com.apple.product-type.bundle.unit-test";
		};
		8EDB77C01E0A516B00B13A61 /* Example */ = {
			isa = PBXNativeTarget;
			buildConfigurationList = 8EDB77D31E0A516B00B13A61 /* Build configuration list for PBXNativeTarget "Example" */;
			buildPhases = (
				C868D14B48CC61D856CA2C74 /* [CP] Check Pods Manifest.lock */,
				8EDB77BD1E0A516B00B13A61 /* Sources */,
				8EDB77BE1E0A516B00B13A61 /* Frameworks */,
				8EDB77BF1E0A516B00B13A61 /* Resources */,
				55FA6A9D1E6698C000806B9C /* SwiftLint */,
				8EA424861E6863E2002E82A8 /* Embed Watch Content */,
				55EC367E1E6BBDD500726F13 /* Embed Frameworks */,
				475BD25301B6E100037BF69F /* [CP] Embed Pods Frameworks */,
			);
			buildRules = (
			);
			dependencies = (
			);
			name = Example;
			productName = GuitarSample;
			productReference = 8EDB77C11E0A516B00B13A61 /* Example.app */;
			productType = "com.apple.product-type.application";
		};
/* End PBXNativeTarget section */

/* Begin PBXProject section */
		8EDB77B91E0A516B00B13A61 /* Project object */ = {
			isa = PBXProject;
			attributes = {
				LastSwiftUpdateCheck = 1220;
				LastUpgradeCheck = 1220;
				ORGANIZATIONNAME = "Arthur Ariel Sabintsev";
				TargetAttributes = {
					8E274997256A9E2D00A2D4EA = {
						CreatedOnToolsVersion = 12.2;
						ProvisioningStyle = Automatic;
						TestTargetID = 8EDB77C01E0A516B00B13A61;
					};
					8EDB77C01E0A516B00B13A61 = {
						CreatedOnToolsVersion = 8.2;
						DevelopmentTeam = HT94948NDD;
						LastSwiftMigration = 1020;
						ProvisioningStyle = Automatic;
					};
				};
			};
			buildConfigurationList = 8EDB77BC1E0A516B00B13A61 /* Build configuration list for PBXProject "Example" */;
			compatibilityVersion = "Xcode 3.2";
			developmentRegion = en;
			hasScannedForEncodings = 0;
			knownRegions = (
				en,
				Base,
			);
			mainGroup = 8EDB77B81E0A516B00B13A61;
			productRefGroup = 8EDB77C21E0A516B00B13A61 /* Products */;
			projectDirPath = "";
			projectRoot = "";
			targets = (
				8EDB77C01E0A516B00B13A61 /* Example */,
				8E274997256A9E2D00A2D4EA /* Tests */,
			);
		};
/* End PBXProject section */

/* Begin PBXResourcesBuildPhase section */
		8E274996256A9E2D00A2D4EA /* Resources */ = {
			isa = PBXResourcesBuildPhase;
			buildActionMask = 2147483647;
			files = (
			);
			runOnlyForDeploymentPostprocessing = 0;
		};
		8EDB77BF1E0A516B00B13A61 /* Resources */ = {
			isa = PBXResourcesBuildPhase;
			buildActionMask = 2147483647;
			files = (
				55EC366E1E6BBDAC00726F13 /* Main.storyboard in Resources */,
				55EC366C1E6BBDAC00726F13 /* Assets.xcassets in Resources */,
				55EC366D1E6BBDAC00726F13 /* LaunchScreen.storyboard in Resources */,
			);
			runOnlyForDeploymentPostprocessing = 0;
		};
/* End PBXResourcesBuildPhase section */

/* Begin PBXShellScriptBuildPhase section */
		475BD25301B6E100037BF69F /* [CP] Embed Pods Frameworks */ = {
			isa = PBXShellScriptBuildPhase;
			buildActionMask = 2147483647;
			files = (
			);
			inputPaths = (
				"${PODS_ROOT}/Target Support Files/Pods-Example/Pods-Example-frameworks.sh",
				"${BUILT_PRODUCTS_DIR}/Guitar/Guitar.framework",
			);
			name = "[CP] Embed Pods Frameworks";
			outputPaths = (
				"${TARGET_BUILD_DIR}/${FRAMEWORKS_FOLDER_PATH}/Guitar.framework",
			);
			runOnlyForDeploymentPostprocessing = 0;
			shellPath = /bin/sh;
			shellScript = "\"${PODS_ROOT}/Target Support Files/Pods-Example/Pods-Example-frameworks.sh\"\n";
			showEnvVarsInLog = 0;
		};
		55FA6A9D1E6698C000806B9C /* SwiftLint */ = {
			isa = PBXShellScriptBuildPhase;
			buildActionMask = 2147483647;
			files = (
			);
			inputPaths = (
			);
			name = SwiftLint;
			outputPaths = (
			);
			runOnlyForDeploymentPostprocessing = 0;
			shellPath = /bin/sh;
			shellScript = "if which swiftlint >/dev/null; then\nswiftlint lint --config ../.swiftlint.yml\nelse\necho \"warning: SwiftLint not installed, download from https://github.com/realm/SwiftLint\"\nfi";
		};
		7CC42BBCEF90ADEA4D89668A /* [CP] Embed Pods Frameworks */ = {
			isa = PBXShellScriptBuildPhase;
			buildActionMask = 2147483647;
			files = (
			);
			inputPaths = (
				"${PODS_ROOT}/Target Support Files/Pods-Example-Tests/Pods-Example-Tests-frameworks.sh",
				"${BUILT_PRODUCTS_DIR}/Guitar/Guitar.framework",
			);
			name = "[CP] Embed Pods Frameworks";
			outputPaths = (
				"${TARGET_BUILD_DIR}/${FRAMEWORKS_FOLDER_PATH}/Guitar.framework",
			);
			runOnlyForDeploymentPostprocessing = 0;
			shellPath = /bin/sh;
			shellScript = "\"${PODS_ROOT}/Target Support Files/Pods-Example-Tests/Pods-Example-Tests-frameworks.sh\"\n";
			showEnvVarsInLog = 0;
		};
		C868D14B48CC61D856CA2C74 /* [CP] Check Pods Manifest.lock */ = {
			isa = PBXShellScriptBuildPhase;
			buildActionMask = 2147483647;
			files = (
			);
			inputFileListPaths = (
			);
			inputPaths = (
				"${PODS_PODFILE_DIR_PATH}/Podfile.lock",
				"${PODS_ROOT}/Manifest.lock",
			);
			name = "[CP] Check Pods Manifest.lock";
			outputFileListPaths = (
			);
			outputPaths = (
				"$(DERIVED_FILE_DIR)/Pods-Example-checkManifestLockResult.txt",
			);
			runOnlyForDeploymentPostprocessing = 0;
			shellPath = /bin/sh;
			shellScript = "diff \"${PODS_PODFILE_DIR_PATH}/Podfile.lock\" \"${PODS_ROOT}/Manifest.lock\" > /dev/null\nif [ $? != 0 ] ; then\n    # print error to STDERR\n    echo \"error: The sandbox is not in sync with the Podfile.lock. Run 'pod install' or update your CocoaPods installation.\" >&2\n    exit 1\nfi\n# This output is used by Xcode 'outputs' to avoid re-running this script phase.\necho \"SUCCESS\" > \"${SCRIPT_OUTPUT_FILE_0}\"\n";
			showEnvVarsInLog = 0;
		};
		EE77D1DB357412872E12BD04 /* [CP] Check Pods Manifest.lock */ = {
			isa = PBXShellScriptBuildPhase;
			buildActionMask = 2147483647;
			files = (
			);
			inputFileListPaths = (
			);
			inputPaths = (
				"${PODS_PODFILE_DIR_PATH}/Podfile.lock",
				"${PODS_ROOT}/Manifest.lock",
			);
			name = "[CP] Check Pods Manifest.lock";
			outputFileListPaths = (
			);
			outputPaths = (
				"$(DERIVED_FILE_DIR)/Pods-Example-Tests-checkManifestLockResult.txt",
			);
			runOnlyForDeploymentPostprocessing = 0;
			shellPath = /bin/sh;
			shellScript = "diff \"${PODS_PODFILE_DIR_PATH}/Podfile.lock\" \"${PODS_ROOT}/Manifest.lock\" > /dev/null\nif [ $? != 0 ] ; then\n    # print error to STDERR\n    echo \"error: The sandbox is not in sync with the Podfile.lock. Run 'pod install' or update your CocoaPods installation.\" >&2\n    exit 1\nfi\n# This output is used by Xcode 'outputs' to avoid re-running this script phase.\necho \"SUCCESS\" > \"${SCRIPT_OUTPUT_FILE_0}\"\n";
			showEnvVarsInLog = 0;
		};
/* End PBXShellScriptBuildPhase section */

/* Begin PBXSourcesBuildPhase section */
		8E274994256A9E2D00A2D4EA /* Sources */ = {
			isa = PBXSourcesBuildPhase;
			buildActionMask = 2147483647;
			files = (
				8E2749AA256A9FE300A2D4EA /* GuitarPaddingTests.swift in Sources */,
				8E2749AE256A9FE300A2D4EA /* GuitarBooleanTests.swift in Sources */,
				8E2749AD256A9FE300A2D4EA /* GuitarCharacterTests.swift in Sources */,
				8E2749AB256A9FE300A2D4EA /* GuitarTests.swift in Sources */,
				8E2749AC256A9FE300A2D4EA /* GuitarCaseTests.swift in Sources */,
			);
			runOnlyForDeploymentPostprocessing = 0;
		};
		8EDB77BD1E0A516B00B13A61 /* Sources */ = {
			isa = PBXSourcesBuildPhase;
			buildActionMask = 2147483647;
			files = (
				55EC36701E6BBDAC00726F13 /* ViewController.swift in Sources */,
				55EC366B1E6BBDAC00726F13 /* AppDelegate.swift in Sources */,
			);
			runOnlyForDeploymentPostprocessing = 0;
		};
/* End PBXSourcesBuildPhase section */

/* Begin PBXTargetDependency section */
		8E27499E256A9E2D00A2D4EA /* PBXTargetDependency */ = {
			isa = PBXTargetDependency;
			target = 8EDB77C01E0A516B00B13A61 /* Example */;
			targetProxy = 8E27499D256A9E2D00A2D4EA /* PBXContainerItemProxy */;
		};
/* End PBXTargetDependency section */

/* Begin PBXVariantGroup section */
		55EC36651E6BBDAC00726F13 /* LaunchScreen.storyboard */ = {
			isa = PBXVariantGroup;
			children = (
				55EC36661E6BBDAC00726F13 /* Base */,
			);
			name = LaunchScreen.storyboard;
			path = .;
			sourceTree = "<group>";
		};
		55EC36671E6BBDAC00726F13 /* Main.storyboard */ = {
			isa = PBXVariantGroup;
			children = (
				55EC36681E6BBDAC00726F13 /* Base */,
			);
			name = Main.storyboard;
			path = .;
			sourceTree = "<group>";
		};
/* End PBXVariantGroup section */

/* Begin XCBuildConfiguration section */
		8E2749A0256A9E2D00A2D4EA /* Debug */ = {
			isa = XCBuildConfiguration;
			baseConfigurationReference = 4DB07626A38FD5735F966519 /* Pods-Example-Tests.debug.xcconfig */;
			buildSettings = {
				BUNDLE_LOADER = "$(TEST_HOST)";
				CLANG_ANALYZER_NUMBER_OBJECT_CONVERSION = YES_AGGRESSIVE;
				CLANG_CXX_LANGUAGE_STANDARD = "gnu++14";
				CLANG_ENABLE_OBJC_WEAK = YES;
				CLANG_WARN_UNGUARDED_AVAILABILITY = YES_AGGRESSIVE;
				CODE_SIGN_STYLE = Automatic;
				GCC_C_LANGUAGE_STANDARD = gnu11;
				INFOPLIST_FILE = Tests/Info.plist;
				IPHONEOS_DEPLOYMENT_TARGET = 14.2;
				LD_RUNPATH_SEARCH_PATHS = "$(inherited) @executable_path/Frameworks @loader_path/Frameworks";
				MTL_ENABLE_DEBUG_INFO = INCLUDE_SOURCE;
				MTL_FAST_MATH = YES;
				PRODUCT_BUNDLE_IDENTIFIER = com.sabintsev.guitar.Tests;
				PRODUCT_NAME = "$(TARGET_NAME)";
				SWIFT_VERSION = 5.0;
				TARGETED_DEVICE_FAMILY = "1,2";
				TEST_HOST = "$(BUILT_PRODUCTS_DIR)/Example.app/Example";
			};
			name = Debug;
		};
		8E2749A1256A9E2D00A2D4EA /* Release */ = {
			isa = XCBuildConfiguration;
			baseConfigurationReference = 5C8A04F3724312806E5F8B92 /* Pods-Example-Tests.release.xcconfig */;
			buildSettings = {
				BUNDLE_LOADER = "$(TEST_HOST)";
				CLANG_ANALYZER_NUMBER_OBJECT_CONVERSION = YES_AGGRESSIVE;
				CLANG_CXX_LANGUAGE_STANDARD = "gnu++14";
				CLANG_ENABLE_OBJC_WEAK = YES;
				CLANG_WARN_UNGUARDED_AVAILABILITY = YES_AGGRESSIVE;
				CODE_SIGN_STYLE = Automatic;
				GCC_C_LANGUAGE_STANDARD = gnu11;
				INFOPLIST_FILE = Tests/Info.plist;
				IPHONEOS_DEPLOYMENT_TARGET = 14.2;
				LD_RUNPATH_SEARCH_PATHS = "$(inherited) @executable_path/Frameworks @loader_path/Frameworks";
				MTL_FAST_MATH = YES;
				PRODUCT_BUNDLE_IDENTIFIER = com.sabintsev.guitar.Tests;
				PRODUCT_NAME = "$(TARGET_NAME)";
				SWIFT_VERSION = 5.0;
				TARGETED_DEVICE_FAMILY = "1,2";
				TEST_HOST = "$(BUILT_PRODUCTS_DIR)/Example.app/Example";
			};
			name = Release;
		};
		8EDB77D11E0A516B00B13A61 /* Debug */ = {
			isa = XCBuildConfiguration;
			buildSettings = {
				ALWAYS_SEARCH_USER_PATHS = NO;
				CLANG_ANALYZER_LOCALIZABILITY_NONLOCALIZED = YES;
				CLANG_ANALYZER_NONNULL = YES;
				CLANG_CXX_LANGUAGE_STANDARD = "gnu++0x";
				CLANG_CXX_LIBRARY = "libc++";
				CLANG_ENABLE_MODULES = YES;
				CLANG_ENABLE_OBJC_ARC = YES;
				CLANG_WARN_BLOCK_CAPTURE_AUTORELEASING = YES;
				CLANG_WARN_BOOL_CONVERSION = YES;
				CLANG_WARN_COMMA = YES;
				CLANG_WARN_CONSTANT_CONVERSION = YES;
				CLANG_WARN_DEPRECATED_OBJC_IMPLEMENTATIONS = YES;
				CLANG_WARN_DIRECT_OBJC_ISA_USAGE = YES_ERROR;
				CLANG_WARN_DOCUMENTATION_COMMENTS = YES;
				CLANG_WARN_EMPTY_BODY = YES;
				CLANG_WARN_ENUM_CONVERSION = YES;
				CLANG_WARN_INFINITE_RECURSION = YES;
				CLANG_WARN_INT_CONVERSION = YES;
				CLANG_WARN_NON_LITERAL_NULL_CONVERSION = YES;
				CLANG_WARN_OBJC_IMPLICIT_RETAIN_SELF = YES;
				CLANG_WARN_OBJC_LITERAL_CONVERSION = YES;
				CLANG_WARN_OBJC_ROOT_CLASS = YES_ERROR;
				CLANG_WARN_QUOTED_INCLUDE_IN_FRAMEWORK_HEADER = YES;
				CLANG_WARN_RANGE_LOOP_ANALYSIS = YES;
				CLANG_WARN_STRICT_PROTOTYPES = YES;
				CLANG_WARN_SUSPICIOUS_MOVE = YES;
				CLANG_WARN_UNREACHABLE_CODE = YES;
				CLANG_WARN__DUPLICATE_METHOD_MATCH = YES;
				"CODE_SIGN_IDENTITY[sdk=iphoneos*]" = "";
				COPY_PHASE_STRIP = NO;
				DEBUG_INFORMATION_FORMAT = dwarf;
				ENABLE_STRICT_OBJC_MSGSEND = YES;
				ENABLE_TESTABILITY = YES;
				GCC_C_LANGUAGE_STANDARD = gnu99;
				GCC_DYNAMIC_NO_PIC = NO;
				GCC_NO_COMMON_BLOCKS = YES;
				GCC_OPTIMIZATION_LEVEL = 0;
				GCC_PREPROCESSOR_DEFINITIONS = (
					"DEBUG=1",
					"$(inherited)",
				);
				GCC_WARN_64_TO_32_BIT_CONVERSION = YES;
				GCC_WARN_ABOUT_RETURN_TYPE = YES_ERROR;
				GCC_WARN_UNDECLARED_SELECTOR = YES;
				GCC_WARN_UNINITIALIZED_AUTOS = YES_AGGRESSIVE;
				GCC_WARN_UNUSED_FUNCTION = YES;
				GCC_WARN_UNUSED_VARIABLE = YES;
				IPHONEOS_DEPLOYMENT_TARGET = 11.0;
				MACOSX_DEPLOYMENT_TARGET = 10.11;
				MTL_ENABLE_DEBUG_INFO = YES;
				ONLY_ACTIVE_ARCH = YES;
				SDKROOT = iphoneos;
				SWIFT_ACTIVE_COMPILATION_CONDITIONS = DEBUG;
				SWIFT_OPTIMIZATION_LEVEL = "-Onone";
				SWIFT_SWIFT3_OBJC_INFERENCE = Default;
				SWIFT_VERSION = 4.2;
				TARGETED_DEVICE_FAMILY = "1,2";
			};
			name = Debug;
		};
		8EDB77D21E0A516B00B13A61 /* Release */ = {
			isa = XCBuildConfiguration;
			buildSettings = {
				ALWAYS_SEARCH_USER_PATHS = NO;
				CLANG_ANALYZER_LOCALIZABILITY_NONLOCALIZED = YES;
				CLANG_ANALYZER_NONNULL = YES;
				CLANG_CXX_LANGUAGE_STANDARD = "gnu++0x";
				CLANG_CXX_LIBRARY = "libc++";
				CLANG_ENABLE_MODULES = YES;
				CLANG_ENABLE_OBJC_ARC = YES;
				CLANG_WARN_BLOCK_CAPTURE_AUTORELEASING = YES;
				CLANG_WARN_BOOL_CONVERSION = YES;
				CLANG_WARN_COMMA = YES;
				CLANG_WARN_CONSTANT_CONVERSION = YES;
				CLANG_WARN_DEPRECATED_OBJC_IMPLEMENTATIONS = YES;
				CLANG_WARN_DIRECT_OBJC_ISA_USAGE = YES_ERROR;
				CLANG_WARN_DOCUMENTATION_COMMENTS = YES;
				CLANG_WARN_EMPTY_BODY = YES;
				CLANG_WARN_ENUM_CONVERSION = YES;
				CLANG_WARN_INFINITE_RECURSION = YES;
				CLANG_WARN_INT_CONVERSION = YES;
				CLANG_WARN_NON_LITERAL_NULL_CONVERSION = YES;
				CLANG_WARN_OBJC_IMPLICIT_RETAIN_SELF = YES;
				CLANG_WARN_OBJC_LITERAL_CONVERSION = YES;
				CLANG_WARN_OBJC_ROOT_CLASS = YES_ERROR;
				CLANG_WARN_QUOTED_INCLUDE_IN_FRAMEWORK_HEADER = YES;
				CLANG_WARN_RANGE_LOOP_ANALYSIS = YES;
				CLANG_WARN_STRICT_PROTOTYPES = YES;
				CLANG_WARN_SUSPICIOUS_MOVE = YES;
				CLANG_WARN_UNREACHABLE_CODE = YES;
				CLANG_WARN__DUPLICATE_METHOD_MATCH = YES;
				"CODE_SIGN_IDENTITY[sdk=iphoneos*]" = "";
				COPY_PHASE_STRIP = NO;
				DEBUG_INFORMATION_FORMAT = "dwarf-with-dsym";
				ENABLE_NS_ASSERTIONS = NO;
				ENABLE_STRICT_OBJC_MSGSEND = YES;
				GCC_C_LANGUAGE_STANDARD = gnu99;
				GCC_NO_COMMON_BLOCKS = YES;
				GCC_WARN_64_TO_32_BIT_CONVERSION = YES;
				GCC_WARN_ABOUT_RETURN_TYPE = YES_ERROR;
				GCC_WARN_UNDECLARED_SELECTOR = YES;
				GCC_WARN_UNINITIALIZED_AUTOS = YES_AGGRESSIVE;
				GCC_WARN_UNUSED_FUNCTION = YES;
				GCC_WARN_UNUSED_VARIABLE = YES;
				IPHONEOS_DEPLOYMENT_TARGET = 11.0;
				MACOSX_DEPLOYMENT_TARGET = 10.11;
				MTL_ENABLE_DEBUG_INFO = NO;
				SDKROOT = iphoneos;
				SWIFT_OPTIMIZATION_LEVEL = "-Owholemodule";
				SWIFT_SWIFT3_OBJC_INFERENCE = Default;
				SWIFT_VERSION = 4.2;
				TARGETED_DEVICE_FAMILY = "1,2";
				VALIDATE_PRODUCT = YES;
			};
			name = Release;
		};
		8EDB77D41E0A516B00B13A61 /* Debug */ = {
			isa = XCBuildConfiguration;
			baseConfigurationReference = 6E259527419CF4C4790745F1 /* Pods-Example.debug.xcconfig */;
			buildSettings = {
				ALWAYS_EMBED_SWIFT_STANDARD_LIBRARIES = YES;
				ASSETCATALOG_COMPILER_APPICON_NAME = AppIcon;
				CODE_SIGN_IDENTITY = "";
				"CODE_SIGN_IDENTITY[sdk=iphoneos*]" = "iPhone Developer";
				DEVELOPMENT_TEAM = HT94948NDD;
				INFOPLIST_FILE = "$(SRCROOT)/Example/Info.plist";
				IPHONEOS_DEPLOYMENT_TARGET = 12.0;
				LD_RUNPATH_SEARCH_PATHS = "$(inherited) @executable_path/Frameworks";
				PRODUCT_BUNDLE_IDENTIFIER = "com.sabintsev.GuitarExample-iOS";
				PRODUCT_NAME = "$(TARGET_NAME)";
				SWIFT_VERSION = 5.0;
			};
			name = Debug;
		};
		8EDB77D51E0A516B00B13A61 /* Release */ = {
			isa = XCBuildConfiguration;
			baseConfigurationReference = 26942BB0B8027B463BE59B18 /* Pods-Example.release.xcconfig */;
			buildSettings = {
				ALWAYS_EMBED_SWIFT_STANDARD_LIBRARIES = YES;
				ASSETCATALOG_COMPILER_APPICON_NAME = AppIcon;
				CODE_SIGN_IDENTITY = "";
				"CODE_SIGN_IDENTITY[sdk=iphoneos*]" = "iPhone Developer";
				DEVELOPMENT_TEAM = HT94948NDD;
				INFOPLIST_FILE = "$(SRCROOT)/Example/Info.plist";
				IPHONEOS_DEPLOYMENT_TARGET = 12.0;
				LD_RUNPATH_SEARCH_PATHS = "$(inherited) @executable_path/Frameworks";
				PRODUCT_BUNDLE_IDENTIFIER = "com.sabintsev.GuitarExample-iOS";
				PRODUCT_NAME = "$(TARGET_NAME)";
				SWIFT_VERSION = 5.0;
			};
			name = Release;
		};
/* End XCBuildConfiguration section */

/* Begin XCConfigurationList section */
		8E27499F256A9E2D00A2D4EA /* Build configuration list for PBXNativeTarget "Tests" */ = {
			isa = XCConfigurationList;
			buildConfigurations = (
				8E2749A0256A9E2D00A2D4EA /* Debug */,
				8E2749A1256A9E2D00A2D4EA /* Release */,
			);
			defaultConfigurationIsVisible = 0;
			defaultConfigurationName = Release;
		};
		8EDB77BC1E0A516B00B13A61 /* Build configuration list for PBXProject "Example" */ = {
			isa = XCConfigurationList;
			buildConfigurations = (
				8EDB77D11E0A516B00B13A61 /* Debug */,
				8EDB77D21E0A516B00B13A61 /* Release */,
			);
			defaultConfigurationIsVisible = 0;
			defaultConfigurationName = Release;
		};
		8EDB77D31E0A516B00B13A61 /* Build configuration list for PBXNativeTarget "Example" */ = {
			isa = XCConfigurationList;
			buildConfigurations = (
				8EDB77D41E0A516B00B13A61 /* Debug */,
				8EDB77D51E0A516B00B13A61 /* Release */,
			);
			defaultConfigurationIsVisible = 0;
			defaultConfigurationName = Release;
		};
/* End XCConfigurationList section */
	};
	rootObject = 8EDB77B91E0A516B00B13A61 /* Project object */;
}
