// !$*UTF8*$!
{
	archiveVersion = 1;
	classes = {
	};
	objectVersion = 46;
	objects = {

/* Begin PBXBuildFile section */
		55FA6A901E66919100806B9C /* ViewController.swift in Sources */ = {isa = PBXBuildFile; fileRef = 55FA6A8F1E66919100806B9C /* ViewController.swift */; };
		55FA6A921E66919600806B9C /* AppDelegate.swift in Sources */ = {isa = PBXBuildFile; fileRef = 55FA6A911E66919600806B9C /* AppDelegate.swift */; };
		55FA6A941E66919E00806B9C /* Assets.xcassets in Resources */ = {isa = PBXBuildFile; fileRef = 55FA6A931E66919E00806B9C /* Assets.xcassets */; };
		55FA6A991E6691DB00806B9C /* Main.storyboard in Resources */ = {isa = PBXBuildFile; fileRef = 55FA6A971E6691DB00806B9C /* Main.storyboard */; };
		55FA6A9C1E6691E900806B9C /* LaunchScreen.storyboard in Resources */ = {isa = PBXBuildFile; fileRef = 55FA6A9A1E6691E900806B9C /* LaunchScreen.storyboard */; };
		D1F220DC57C2FD94161C7E49 /* Pods_Guitar.framework in Frameworks */ = {isa = PBXBuildFile; fileRef = 8F4C7E470DE1EEA99E729AE2 /* Pods_Guitar.framework */; };
/* End PBXBuildFile section */

/* Begin PBXFileReference section */
		1D5A513B2345DF794B85AC6B /* Pods-Guitar.release.xcconfig */ = {isa = PBXFileReference; includeInIndex = 1; lastKnownFileType = text.xcconfig; name = "Pods-Guitar.release.xcconfig"; path = "Pods/Target Support Files/Pods-Guitar/Pods-Guitar.release.xcconfig"; sourceTree = "<group>"; };
		55FA6A8F1E66919100806B9C /* ViewController.swift */ = {isa = PBXFileReference; fileEncoding = 4; lastKnownFileType = sourcecode.swift; name = ViewController.swift; path = GuitarExample/ViewController.swift; sourceTree = SOURCE_ROOT; };
		55FA6A911E66919600806B9C /* AppDelegate.swift */ = {isa = PBXFileReference; fileEncoding = 4; lastKnownFileType = sourcecode.swift; name = AppDelegate.swift; path = GuitarExample/AppDelegate.swift; sourceTree = SOURCE_ROOT; };
		55FA6A931E66919E00806B9C /* Assets.xcassets */ = {isa = PBXFileReference; lastKnownFileType = folder.assetcatalog; name = Assets.xcassets; path = GuitarExample/Assets.xcassets; sourceTree = SOURCE_ROOT; };
		55FA6A951E6691A400806B9C /* Info.plist */ = {isa = PBXFileReference; fileEncoding = 4; lastKnownFileType = text.plist.xml; name = Info.plist; path = GuitarExample/Info.plist; sourceTree = SOURCE_ROOT; };
		55FA6A981E6691DB00806B9C /* Base */ = {isa = PBXFileReference; lastKnownFileType = file.storyboard; name = Base; path = GuitarExample/Base.lproj/Main.storyboard; sourceTree = SOURCE_ROOT; };
		55FA6A9B1E6691E900806B9C /* Base */ = {isa = PBXFileReference; lastKnownFileType = file.storyboard; name = Base; path = GuitarExample/Base.lproj/LaunchScreen.storyboard; sourceTree = SOURCE_ROOT; };
		58FDADB2EE9B4737DF83F733 /* Pods-Guitar.debug.xcconfig */ = {isa = PBXFileReference; includeInIndex = 1; lastKnownFileType = text.xcconfig; name = "Pods-Guitar.debug.xcconfig"; path = "Pods/Target Support Files/Pods-Guitar/Pods-Guitar.debug.xcconfig"; sourceTree = "<group>"; };
		8EDB77C11E0A516B00B13A61 /* Guitar.app */ = {isa = PBXFileReference; explicitFileType = wrapper.application; includeInIndex = 0; path = Guitar.app; sourceTree = BUILT_PRODUCTS_DIR; };
		8F4C7E470DE1EEA99E729AE2 /* Pods_Guitar.framework */ = {isa = PBXFileReference; explicitFileType = wrapper.framework; includeInIndex = 0; path = Pods_Guitar.framework; sourceTree = BUILT_PRODUCTS_DIR; };
/* End PBXFileReference section */

/* Begin PBXFrameworksBuildPhase section */
		8EDB77BE1E0A516B00B13A61 /* Frameworks */ = {
			isa = PBXFrameworksBuildPhase;
			buildActionMask = 2147483647;
			files = (
				D1F220DC57C2FD94161C7E49 /* Pods_Guitar.framework in Frameworks */,
			);
			runOnlyForDeploymentPostprocessing = 0;
		};
/* End PBXFrameworksBuildPhase section */

/* Begin PBXGroup section */
		8303CDF828E84039F5575681 /* Pods */ = {
			isa = PBXGroup;
			children = (
				58FDADB2EE9B4737DF83F733 /* Pods-Guitar.debug.xcconfig */,
				1D5A513B2345DF794B85AC6B /* Pods-Guitar.release.xcconfig */,
			);
			name = Pods;
			sourceTree = "<group>";
		};
		8EDB77B81E0A516B00B13A61 = {
			isa = PBXGroup;
			children = (
				8EDB77C31E0A516B00B13A61 /* GuitarExample */,
				8EDB77C21E0A516B00B13A61 /* Products */,
				8303CDF828E84039F5575681 /* Pods */,
				B6E99AFAADC3B441592F0C42 /* Frameworks */,
			);
			sourceTree = "<group>";
		};
		8EDB77C21E0A516B00B13A61 /* Products */ = {
			isa = PBXGroup;
			children = (
				8EDB77C11E0A516B00B13A61 /* Guitar.app */,
			);
			name = Products;
			sourceTree = "<group>";
		};
		8EDB77C31E0A516B00B13A61 /* GuitarExample */ = {
			isa = PBXGroup;
			children = (
				55FA6A911E66919600806B9C /* AppDelegate.swift */,
				55FA6A8F1E66919100806B9C /* ViewController.swift */,
				55FA6A931E66919E00806B9C /* Assets.xcassets */,
				55FA6A971E6691DB00806B9C /* Main.storyboard */,
				55FA6A9A1E6691E900806B9C /* LaunchScreen.storyboard */,
				55FA6A951E6691A400806B9C /* Info.plist */,
			);
			name = GuitarExample;
			path = GuitarSample;
			sourceTree = "<group>";
		};
		B6E99AFAADC3B441592F0C42 /* Frameworks */ = {
			isa = PBXGroup;
			children = (
				8F4C7E470DE1EEA99E729AE2 /* Pods_Guitar.framework */,
			);
			name = Frameworks;
			sourceTree = "<group>";
		};
/* End PBXGroup section */

/* Begin PBXNativeTarget section */
		8EDB77C01E0A516B00B13A61 /* Guitar */ = {
			isa = PBXNativeTarget;
			buildConfigurationList = 8EDB77D31E0A516B00B13A61 /* Build configuration list for PBXNativeTarget "Guitar" */;
			buildPhases = (
				DF08F3DAFF67D09C93AA6467 /* [CP] Check Pods Manifest.lock */,
				8EDB77BD1E0A516B00B13A61 /* Sources */,
				8EDB77BE1E0A516B00B13A61 /* Frameworks */,
				8EDB77BF1E0A516B00B13A61 /* Resources */,
				55FA6A9D1E6698C000806B9C /* SwiftLint */,
				1C745D34F505B5B8095B1D30 /* [CP] Embed Pods Frameworks */,
				F2325F88EB85CA75BF9573E3 /* [CP] Copy Pods Resources */,
			);
			buildRules = (
			);
			dependencies = (
			);
			name = Guitar;
			productName = GuitarSample;
			productReference = 8EDB77C11E0A516B00B13A61 /* Guitar.app */;
			productType = "com.apple.product-type.application";
		};
/* End PBXNativeTarget section */

/* Begin PBXProject section */
		8EDB77B91E0A516B00B13A61 /* Project object */ = {
			isa = PBXProject;
			attributes = {
				LastSwiftUpdateCheck = 0820;
				LastUpgradeCheck = 0820;
				ORGANIZATIONNAME = "Arthur Ariel Sabintsev";
				TargetAttributes = {
					8EDB77C01E0A516B00B13A61 = {
						CreatedOnToolsVersion = 8.2;
						DevelopmentTeam = HT94948NDD;
						ProvisioningStyle = Automatic;
					};
				};
			};
			buildConfigurationList = 8EDB77BC1E0A516B00B13A61 /* Build configuration list for PBXProject "Guitar" */;
			compatibilityVersion = "Xcode 3.2";
			developmentRegion = English;
			hasScannedForEncodings = 0;
			knownRegions = (
				en,
				Base,
			);
			mainGroup = 8EDB77B81E0A516B00B13A61;
			productRefGroup = 8EDB77C21E0A516B00B13A61 /* Products */;
			projectDirPath = "";
			projectRoot = "";
			targets = (
				8EDB77C01E0A516B00B13A61 /* Guitar */,
			);
		};
/* End PBXProject section */

/* Begin PBXResourcesBuildPhase section */
		8EDB77BF1E0A516B00B13A61 /* Resources */ = {
			isa = PBXResourcesBuildPhase;
			buildActionMask = 2147483647;
			files = (
				55FA6A9C1E6691E900806B9C /* LaunchScreen.storyboard in Resources */,
				55FA6A991E6691DB00806B9C /* Main.storyboard in Resources */,
				55FA6A941E66919E00806B9C /* Assets.xcassets in Resources */,
			);
			runOnlyForDeploymentPostprocessing = 0;
		};
/* End PBXResourcesBuildPhase section */

/* Begin PBXShellScriptBuildPhase section */
		1C745D34F505B5B8095B1D30 /* [CP] Embed Pods Frameworks */ = {
			isa = PBXShellScriptBuildPhase;
			buildActionMask = 2147483647;
			files = (
			);
			inputPaths = (
			);
			name = "[CP] Embed Pods Frameworks";
			outputPaths = (
			);
			runOnlyForDeploymentPostprocessing = 0;
			shellPath = /bin/sh;
			shellScript = "\"${SRCROOT}/Pods/Target Support Files/Pods-Guitar/Pods-Guitar-frameworks.sh\"\n";
			showEnvVarsInLog = 0;
		};
		55FA6A9D1E6698C000806B9C /* SwiftLint */ = {
			isa = PBXShellScriptBuildPhase;
			buildActionMask = 2147483647;
			files = (
			);
			inputPaths = (
			);
			name = SwiftLint;
			outputPaths = (
			);
			runOnlyForDeploymentPostprocessing = 0;
			shellPath = /bin/sh;
			shellScript = "if which swiftlint >/dev/null; then\nswiftlint lint --config ../.swiftlint.yml\nelse\necho \"warning: SwiftLint not installed, download from https://github.com/realm/SwiftLint\"\nfi";
		};
		DF08F3DAFF67D09C93AA6467 /* [CP] Check Pods Manifest.lock */ = {
			isa = PBXShellScriptBuildPhase;
			buildActionMask = 2147483647;
			files = (
			);
			inputPaths = (
			);
			name = "[CP] Check Pods Manifest.lock";
			outputPaths = (
			);
			runOnlyForDeploymentPostprocessing = 0;
			shellPath = /bin/sh;
			shellScript = "diff \"${PODS_ROOT}/../Podfile.lock\" \"${PODS_ROOT}/Manifest.lock\" > /dev/null\nif [ $? != 0 ] ; then\n    # print error to STDERR\n    echo \"error: The sandbox is not in sync with the Podfile.lock. Run 'pod install' or update your CocoaPods installation.\" >&2\n    exit 1\nfi\n";
			showEnvVarsInLog = 0;
		};
		F2325F88EB85CA75BF9573E3 /* [CP] Copy Pods Resources */ = {
			isa = PBXShellScriptBuildPhase;
			buildActionMask = 2147483647;
			files = (
			);
			inputPaths = (
			);
			name = "[CP] Copy Pods Resources";
			outputPaths = (
			);
			runOnlyForDeploymentPostprocessing = 0;
			shellPath = /bin/sh;
			shellScript = "\"${SRCROOT}/Pods/Target Support Files/Pods-Guitar/Pods-Guitar-resources.sh\"\n";
			showEnvVarsInLog = 0;
		};
/* End PBXShellScriptBuildPhase section */

/* Begin PBXSourcesBuildPhase section */
		8EDB77BD1E0A516B00B13A61 /* Sources */ = {
			isa = PBXSourcesBuildPhase;
			buildActionMask = 2147483647;
			files = (
				55FA6A901E66919100806B9C /* ViewController.swift in Sources */,
				55FA6A921E66919600806B9C /* AppDelegate.swift in Sources */,
			);
			runOnlyForDeploymentPostprocessing = 0;
		};
/* End PBXSourcesBuildPhase section */

/* Begin PBXVariantGroup section */
		55FA6A971E6691DB00806B9C /* Main.storyboard */ = {
			isa = PBXVariantGroup;
			children = (
				55FA6A981E6691DB00806B9C /* Base */,
			);
			name = Main.storyboard;
			sourceTree = "<group>";
		};
		55FA6A9A1E6691E900806B9C /* LaunchScreen.storyboard */ = {
			isa = PBXVariantGroup;
			children = (
				55FA6A9B1E6691E900806B9C /* Base */,
			);
			name = LaunchScreen.storyboard;
			sourceTree = "<group>";
		};
/* End PBXVariantGroup section */

/* Begin XCBuildConfiguration section */
		8EDB77D11E0A516B00B13A61 /* Debug */ = {
			isa = XCBuildConfiguration;
			buildSettings = {
				ALWAYS_SEARCH_USER_PATHS = NO;
				CLANG_ANALYZER_NONNULL = YES;
				CLANG_CXX_LANGUAGE_STANDARD = "gnu++0x";
				CLANG_CXX_LIBRARY = "libc++";
				CLANG_ENABLE_MODULES = YES;
				CLANG_ENABLE_OBJC_ARC = YES;
				CLANG_WARN_BOOL_CONVERSION = YES;
				CLANG_WARN_CONSTANT_CONVERSION = YES;
				CLANG_WARN_DIRECT_OBJC_ISA_USAGE = YES_ERROR;
				CLANG_WARN_DOCUMENTATION_COMMENTS = YES;
				CLANG_WARN_EMPTY_BODY = YES;
				CLANG_WARN_ENUM_CONVERSION = YES;
				CLANG_WARN_INFINITE_RECURSION = YES;
				CLANG_WARN_INT_CONVERSION = YES;
				CLANG_WARN_OBJC_ROOT_CLASS = YES_ERROR;
				CLANG_WARN_SUSPICIOUS_MOVE = YES;
				CLANG_WARN_UNREACHABLE_CODE = YES;
				CLANG_WARN__DUPLICATE_METHOD_MATCH = YES;
				"CODE_SIGN_IDENTITY[sdk=iphoneos*]" = "iPhone Developer";
				COPY_PHASE_STRIP = NO;
				DEBUG_INFORMATION_FORMAT = dwarf;
				ENABLE_STRICT_OBJC_MSGSEND = YES;
				ENABLE_TESTABILITY = YES;
				GCC_C_LANGUAGE_STANDARD = gnu99;
				GCC_DYNAMIC_NO_PIC = NO;
				GCC_NO_COMMON_BLOCKS = YES;
				GCC_OPTIMIZATION_LEVEL = 0;
				GCC_PREPROCESSOR_DEFINITIONS = (
					"DEBUG=1",
					"$(inherited)",
				);
				GCC_WARN_64_TO_32_BIT_CONVERSION = YES;
				GCC_WARN_ABOUT_RETURN_TYPE = YES_ERROR;
				GCC_WARN_UNDECLARED_SELECTOR = YES;
				GCC_WARN_UNINITIALIZED_AUTOS = YES_AGGRESSIVE;
				GCC_WARN_UNUSED_FUNCTION = YES;
				GCC_WARN_UNUSED_VARIABLE = YES;
				IPHONEOS_DEPLOYMENT_TARGET = 10.2;
				MTL_ENABLE_DEBUG_INFO = YES;
				ONLY_ACTIVE_ARCH = YES;
				SDKROOT = iphoneos;
				SWIFT_ACTIVE_COMPILATION_CONDITIONS = DEBUG;
				SWIFT_OPTIMIZATION_LEVEL = "-Onone";
				TARGETED_DEVICE_FAMILY = "1,2";
			};
			name = Debug;
		};
		8EDB77D21E0A516B00B13A61 /* Release */ = {
			isa = XCBuildConfiguration;
			buildSettings = {
				ALWAYS_SEARCH_USER_PATHS = NO;
				CLANG_ANALYZER_NONNULL = YES;
				CLANG_CXX_LANGUAGE_STANDARD = "gnu++0x";
				CLANG_CXX_LIBRARY = "libc++";
				CLANG_ENABLE_MODULES = YES;
				CLANG_ENABLE_OBJC_ARC = YES;
				CLANG_WARN_BOOL_CONVERSION = YES;
				CLANG_WARN_CONSTANT_CONVERSION = YES;
				CLANG_WARN_DIRECT_OBJC_ISA_USAGE = YES_ERROR;
				CLANG_WARN_DOCUMENTATION_COMMENTS = YES;
				CLANG_WARN_EMPTY_BODY = YES;
				CLANG_WARN_ENUM_CONVERSION = YES;
				CLANG_WARN_INFINITE_RECURSION = YES;
				CLANG_WARN_INT_CONVERSION = YES;
				CLANG_WARN_OBJC_ROOT_CLASS = YES_ERROR;
				CLANG_WARN_SUSPICIOUS_MOVE = YES;
				CLANG_WARN_UNREACHABLE_CODE = YES;
				CLANG_WARN__DUPLICATE_METHOD_MATCH = YES;
				"CODE_SIGN_IDENTITY[sdk=iphoneos*]" = "iPhone Developer";
				COPY_PHASE_STRIP = NO;
				DEBUG_INFORMATION_FORMAT = "dwarf-with-dsym";
				ENABLE_NS_ASSERTIONS = NO;
				ENABLE_STRICT_OBJC_MSGSEND = YES;
				GCC_C_LANGUAGE_STANDARD = gnu99;
				GCC_NO_COMMON_BLOCKS = YES;
				GCC_WARN_64_TO_32_BIT_CONVERSION = YES;
				GCC_WARN_ABOUT_RETURN_TYPE = YES_ERROR;
				GCC_WARN_UNDECLARED_SELECTOR = YES;
				GCC_WARN_UNINITIALIZED_AUTOS = YES_AGGRESSIVE;
				GCC_WARN_UNUSED_FUNCTION = YES;
				GCC_WARN_UNUSED_VARIABLE = YES;
				IPHONEOS_DEPLOYMENT_TARGET = 10.2;
				MTL_ENABLE_DEBUG_INFO = NO;
				SDKROOT = iphoneos;
				SWIFT_OPTIMIZATION_LEVEL = "-Owholemodule";
				TARGETED_DEVICE_FAMILY = "1,2";
				VALIDATE_PRODUCT = YES;
			};
			name = Release;
		};
		8EDB77D41E0A516B00B13A61 /* Debug */ = {
			isa = XCBuildConfiguration;
			baseConfigurationReference = 58FDADB2EE9B4737DF83F733 /* Pods-Guitar.debug.xcconfig */;
			buildSettings = {
				ASSETCATALOG_COMPILER_APPICON_NAME = AppIcon;
				DEVELOPMENT_TEAM = HT94948NDD;
				INFOPLIST_FILE = "$(SRCROOT)/GuitarExample/Info.plist";
				LD_RUNPATH_SEARCH_PATHS = "$(inherited) @executable_path/Frameworks";
				PRODUCT_BUNDLE_IDENTIFIER = com.sabintsev.GuitarExample;
				PRODUCT_NAME = "$(TARGET_NAME)";
				SWIFT_VERSION = 3.0;
			};
			name = Debug;
		};
		8EDB77D51E0A516B00B13A61 /* Release */ = {
			isa = XCBuildConfiguration;
			baseConfigurationReference = 1D5A513B2345DF794B85AC6B /* Pods-Guitar.release.xcconfig */;
			buildSettings = {
				ASSETCATALOG_COMPILER_APPICON_NAME = AppIcon;
				DEVELOPMENT_TEAM = HT94948NDD;
				INFOPLIST_FILE = "$(SRCROOT)/GuitarExample/Info.plist";
				LD_RUNPATH_SEARCH_PATHS = "$(inherited) @executable_path/Frameworks";
				PRODUCT_BUNDLE_IDENTIFIER = com.sabintsev.GuitarExample;
				PRODUCT_NAME = "$(TARGET_NAME)";
				SWIFT_VERSION = 3.0;
			};
			name = Release;
		};
/* End XCBuildConfiguration section */

/* Begin XCConfigurationList section */
		8EDB77BC1E0A516B00B13A61 /* Build configuration list for PBXProject "Guitar" */ = {
			isa = XCConfigurationList;
			buildConfigurations = (
				8EDB77D11E0A516B00B13A61 /* Debug */,
				8EDB77D21E0A516B00B13A61 /* Release */,
			);
			defaultConfigurationIsVisible = 0;
			defaultConfigurationName = Release;
		};
		8EDB77D31E0A516B00B13A61 /* Build configuration list for PBXNativeTarget "Guitar" */ = {
			isa = XCConfigurationList;
			buildConfigurations = (
				8EDB77D41E0A516B00B13A61 /* Debug */,
				8EDB77D51E0A516B00B13A61 /* Release */,
			);
			defaultConfigurationIsVisible = 0;
			defaultConfigurationName = Release;
		};
/* End XCConfigurationList section */
	};
	rootObject = 8EDB77B91E0A516B00B13A61 /* Project object */;
}
